<Solution>
  <Project Path="../Journify.core/Journify.core.csproj" />
  <Project Path="src/UserManagment.api/UserManagment.api.csproj" />
  <Project Path="src/UserManagment.infrastructure/UserManagment.infrastructure.csproj" Id="f258d53c-0bd8-401c-907a-daa434e5f078" />
  <Project Path="src/UserManagment.service/UserManagment.service.csproj" />
</Solution>
